{
  "name": "functions",
  "version": "1.0.0",
  "lockfileVersion": 1,
  "requires": true,
  "dependencies": {
    "abortcontroller-polyfill": {
      "version": "1.7.1",
      "resolved": "https://registry.npmjs.org/abortcontroller-polyfill/-/abortcontroller-polyfill-1.7.1.tgz",
      "integrity": "sha512-yml9NiDEH4M4p0G4AcPkg8AAa4mF3nfYF28VQxaokpO67j9H7gWgmsVWJ/f1Rn+PzsnDYvzJzWIQzCqDKRvWlA=="
    },
    "addressparser": {
      "version": "1.0.1",
      "resolved": "https://registry.npmjs.org/addressparser/-/addressparser-1.0.1.tgz",
      "integrity": "sha1-R6++GiqSYhkdtoOOT9HTm0CCF0Y="
    },
    "base64-js": {
      "version": "1.5.1",
      "resolved": "https://registry.npmjs.org/base64-js/-/base64-js-1.5.1.tgz",
      "integrity": "sha512-AKpaYlHn8t4SVbOHCy+b5+KKgvR4vrsD8vbvrbiQJps7fKDTkjkDry6ji0rUJjC0kzbNePLwzxq8iypo41qeWA=="
    },
    "btoa-lite": {
      "version": "1.0.0",
      "resolved": "https://registry.npmjs.org/btoa-lite/-/btoa-lite-1.0.0.tgz",
      "integrity": "sha1-M3dm2hWAEhD92VbCLpxokaudAzc="
    },
    "buildmail": {
      "version": "3.10.0",
      "resolved": "https://registry.npmjs.org/buildmail/-/buildmail-3.10.0.tgz",
      "integrity": "sha1-xoJtcW55RbtvaxQ0tTmF4CmgMVk=",
      "requires": {
        "addressparser": "1.0.1",
        "libbase64": "0.1.0",
        "libmime": "2.1.0",
        "libqp": "1.1.0",
        "nodemailer-fetch": "1.6.0",
        "nodemailer-shared": "1.1.0"
      },
      "dependencies": {
        "iconv-lite": {
          "version": "0.4.13",
          "resolved": "https://registry.npmjs.org/iconv-lite/-/iconv-lite-0.4.13.tgz",
          "integrity": "sha1-H4irpKsLFQjoMSrMOTRfNumS4vI="
        },
        "libmime": {
          "version": "2.1.0",
          "resolved": "https://registry.npmjs.org/libmime/-/libmime-2.1.0.tgz",
          "integrity": "sha1-Ubx23iKDFh65BRxLyArtcT5P0c0=",
          "requires": {
            "iconv-lite": "0.4.13",
            "libbase64": "0.1.0",
            "libqp": "1.1.0"
          }
        }
      }
    },
    "cross-fetch": {
      "version": "3.0.6",
      "resolved": "https://registry.npmjs.org/cross-fetch/-/cross-fetch-3.0.6.tgz",
      "integrity": "sha512-KBPUbqgFjzWlVcURG+Svp9TlhA5uliYtiNx/0r8nv0pdypeQCRJ9IaSIc3q/x3q8t3F75cHuwxVql1HFGHCNJQ==",
      "requires": {
        "node-fetch": "2.6.1"
      }
    },
    "dkim-signer": {
      "version": "0.2.2",
      "resolved": "https://registry.npmjs.org/dkim-signer/-/dkim-signer-0.2.2.tgz",
      "integrity": "sha1-qoHsBx7u02IngbqpIgRNeADl8wg=",
      "requires": {
        "libmime": "^2.0.3"
      }
    },
    "dotenv": {
      "version": "8.2.0",
      "resolved": "https://registry.npmjs.org/dotenv/-/dotenv-8.2.0.tgz",
      "integrity": "sha512-8sJ78ElpbDJBHNeBzUbUVLsqKdccaa/BXF1uPTw3GrvQTBgrQrtObr2mUrE38vzYd8cEv+m/JBfDLioYcfXoaw=="
    },
    "faunadb": {
      "version": "4.0.3",
      "resolved": "https://registry.npmjs.org/faunadb/-/faunadb-4.0.3.tgz",
      "integrity": "sha512-pfXX3pwyQQfsx+wO4u8m16gQyDPJRbpjMGk5fCzq0tCT/3mPyCVlc5zTorSdBWWmLFuResP9idFrWdqo+q2IEA==",
      "requires": {
        "abortcontroller-polyfill": "^1.7.1",
        "base64-js": "^1.2.0",
        "btoa-lite": "^1.0.0",
        "cross-fetch": "^3.0.6",
        "dotenv": "^8.2.0",
        "fn-annotate": "^1.1.3",
        "object-assign": "^4.1.0",
        "util-deprecate": "^1.0.2"
      }
    },
    "fn-annotate": {
      "version": "1.2.0",
      "resolved": "https://registry.npmjs.org/fn-annotate/-/fn-annotate-1.2.0.tgz",
      "integrity": "sha1-KNoAARfephhC/mHzU/Qc9Mk6en4="
    },
    "libbase64": {
      "version": "0.1.0",
      "resolved": "https://registry.npmjs.org/libbase64/-/libbase64-0.1.0.tgz",
      "integrity": "sha1-YjUag5VjrF/1vSbxL2Dpgwu3UeY="
    },
    "libmime": {
      "version": "2.1.3",
      "resolved": "https://registry.npmjs.org/libmime/-/libmime-2.1.3.tgz",
      "integrity": "sha1-JQF8pataHpiq2+JyUBfPHUikKgw=",
      "requires": {
        "iconv-lite": "0.4.15",
        "libbase64": "0.1.0",
        "libqp": "1.1.0"
      },
      "dependencies": {
        "iconv-lite": {
          "version": "0.4.15",
          "resolved": "https://registry.npmjs.org/iconv-lite/-/iconv-lite-0.4.15.tgz",
          "integrity": "sha1-/iZaIYrGpXz+hUkn6dBMGYJe3es="
        }
      }
    },
    "libqp": {
      "version": "1.1.0",
      "resolved": "https://registry.npmjs.org/libqp/-/libqp-1.1.0.tgz",
      "integrity": "sha1-9ebgatdLeU+1tbZpiL9yjvHe2+g="
    },
    "mailcomposer": {
      "version": "3.12.0",
      "resolved": "https://registry.npmjs.org/mailcomposer/-/mailcomposer-3.12.0.tgz",
      "integrity": "sha1-nF4RiKqOHGLsi4a9Q0aBArY56Pk=",
      "requires": {
        "buildmail": "3.10.0",
        "libmime": "2.1.0"
      },
      "dependencies": {
        "iconv-lite": {
          "version": "0.4.13",
          "resolved": "https://registry.npmjs.org/iconv-lite/-/iconv-lite-0.4.13.tgz",
          "integrity": "sha1-H4irpKsLFQjoMSrMOTRfNumS4vI="
        },
        "libmime": {
          "version": "2.1.0",
          "resolved": "https://registry.npmjs.org/libmime/-/libmime-2.1.0.tgz",
          "integrity": "sha1-Ubx23iKDFh65BRxLyArtcT5P0c0=",
          "requires": {
            "iconv-lite": "0.4.13",
            "libbase64": "0.1.0",
            "libqp": "1.1.0"
          }
        }
      }
    },
    "node-fetch": {
      "version": "2.6.1",
      "resolved": "https://registry.npmjs.org/node-fetch/-/node-fetch-2.6.1.tgz",
      "integrity": "sha512-V4aYg89jEoVRxRb2fJdAg8FHvI7cEyYdVAh94HH0UIK8oJxUfkjlDQN9RbMx+bEjP7+ggMiFRprSti032Oipxw=="
    },
    "nodemailer-fetch": {
      "version": "1.6.0",
      "resolved": "https://registry.npmjs.org/nodemailer-fetch/-/nodemailer-fetch-1.6.0.tgz",
      "integrity": "sha1-ecSQihwPXzdbc/6IjamCj23JY6Q="
    },
    "nodemailer-shared": {
      "version": "1.1.0",
      "resolved": "https://registry.npmjs.org/nodemailer-shared/-/nodemailer-shared-1.1.0.tgz",
      "integrity": "sha1-z1mU4v0mjQD1zw+nZ6CBae2wfsA=",
      "requires": {
        "nodemailer-fetch": "1.6.0"
      }
    },
    "object-assign": {
      "version": "4.1.1",
      "resolved": "https://registry.npmjs.org/object-assign/-/object-assign-4.1.1.tgz",
      "integrity": "sha1-IQmtx5ZYh8/AXLvUQsrIv7s2CGM="
    },
    "sendmail": {
      "version": "1.6.1",
      "resolved": "https://registry.npmjs.org/sendmail/-/sendmail-1.6.1.tgz",
      "integrity": "sha512-lIhvnjSi5e5jL8wA1GPP6j2QVlx6JOEfmdn0QIfmuJdmXYGmJ375kcOU0NSm/34J+nypm4sa1AXrYE5w3uNIIA==",
      "requires": {
        "dkim-signer": "0.2.2",
        "mailcomposer": "3.12.0"
      }
    },
    "util-deprecate": {
      "version": "1.0.2",
      "resolved": "https://registry.npmjs.org/util-deprecate/-/util-deprecate-1.0.2.tgz",
      "integrity": "sha1-RQ1Nyfpw3nMnYvvS1KKJgUGaDM8="
    }
  }
}
